// !$*UTF8*$!
{
	archiveVersion = 1;
	classes = {
	};
	objectVersion = 54;
	objects = {

/* Begin PBXBuildFile section */
		2FFE3456ABB3EA0AA3CD0B10 /* App.swift in Sources */ = {isa = PBXBuildFile; fileRef = 9A100B1CDFF3B08157F33A06 /* App.swift */; };
		EFA16514C78795675CEFD9D9 /* App.swift in Sources */ = {isa = PBXBuildFile; fileRef = A2F140BCCC4C508A58CF74CB /* App.swift */; };
/* End PBXBuildFile section */

/* Begin PBXFileReference section */
		0B1DC24A7C9CE5AA95A476FC /* BankEmployee.app */ = {isa = PBXFileReference; includeInIndex = 0; lastKnownFileType = wrapper.application; path = BankEmployee.app; sourceTree = BUILT_PRODUCTS_DIR; };
		75DBB9689C12AE40B1105DD9 /* BankClient.app */ = {isa = PBXFileReference; includeInIndex = 0; lastKnownFileType = wrapper.application; path = BankClient.app; sourceTree = BUILT_PRODUCTS_DIR; };
		9A100B1CDFF3B08157F33A06 /* App.swift */ = {isa = PBXFileReference; lastKnownFileType = sourcecode.swift; path = App.swift; sourceTree = "<group>"; };
		A2F140BCCC4C508A58CF74CB /* App.swift */ = {isa = PBXFileReference; lastKnownFileType = sourcecode.swift; path = App.swift; sourceTree = "<group>"; };
/* End PBXFileReference section */

/* Begin PBXGroup section */
		20F7754021929EF324EEE4F7 /* BankClient */ = {
			isa = PBXGroup;
			children = (
				9A100B1CDFF3B08157F33A06 /* App.swift */,
			);
			path = BankClient;
			sourceTree = "<group>";
		};
		4D61029BB941B68C3B9CEEF7 /* Products */ = {
			isa = PBXGroup;
			children = (
				75DBB9689C12AE40B1105DD9 /* BankClient.app */,
				0B1DC24A7C9CE5AA95A476FC /* BankEmployee.app */,
			);
			name = Products;
			sourceTree = "<group>";
		};
		8BADA53E1BD7DAFA7F2135EA = {
			isa = PBXGroup;
			children = (
				20F7754021929EF324EEE4F7 /* BankClient */,
				FEC78251E64FADADF3F7AC7A /* BankEmployee */,
				4D61029BB941B68C3B9CEEF7 /* Products */,
			);
			sourceTree = "<group>";
		};
		FEC78251E64FADADF3F7AC7A /* BankEmployee */ = {
			isa = PBXGroup;
			children = (
				A2F140BCCC4C508A58CF74CB /* App.swift */,
			);
			path = BankEmployee;
			sourceTree = "<group>";
		};
/* End PBXGroup section */

/* Begin PBXNativeTarget section */
		047E6E14DB75F2060BDC793C /* BankEmployee */ = {
			isa = PBXNativeTarget;
			buildConfigurationList = DB2267A57CD17C03BA9528CC /* Build configuration list for PBXNativeTarget "BankEmployee" */;
			buildPhases = (
				5059BBC072EB594832A04131 /* Sources */,
			);
			buildRules = (
			);
			dependencies = (
			);
			name = BankEmployee;
			productName = BankEmployee;
			productReference = 0B1DC24A7C9CE5AA95A476FC /* BankEmployee.app */;
			productType = "com.apple.product-type.application";
		};
		3B4B7FC9B6B573D5106345D0 /* BankClient */ = {
			isa = PBXNativeTarget;
			buildConfigurationList = 077235FC8361AB370068F57F /* Build configuration list for PBXNativeTarget "BankClient" */;
			buildPhases = (
				165E1F3C53B921142FCEC5E4 /* Sources */,
			);
			buildRules = (
			);
			dependencies = (
			);
			name = BankClient;
			productName = BankClient;
			productReference = 75DBB9689C12AE40B1105DD9 /* BankClient.app */;
			productType = "com.apple.product-type.application";
		};
/* End PBXNativeTarget section */

/* Begin PBXProject section */
		B355245B6BC467FF647BD444 /* Project object */ = {
			isa = PBXProject;
			attributes = {
				BuildIndependentTargetsInParallel = YES;
				LastUpgradeCheck = 1620;
				TargetAttributes = {
					047E6E14DB75F2060BDC793C = {
						DevelopmentTeam = BUF892U9LY;
					};
					3B4B7FC9B6B573D5106345D0 = {
						DevelopmentTeam = BUF892U9LY;
					};
				};
			};
			buildConfigurationList = FD0F233E49D52A45722AAD5D /* Build configuration list for PBXProject "InternetBanking" */;
			compatibilityVersion = "Xcode 14.0";
			developmentRegion = en;
			hasScannedForEncodings = 0;
			knownRegions = (
				Base,
				en,
			);
			mainGroup = 8BADA53E1BD7DAFA7F2135EA;
			projectDirPath = "";
			projectRoot = "";
			targets = (
				3B4B7FC9B6B573D5106345D0 /* BankClient */,
				047E6E14DB75F2060BDC793C /* BankEmployee */,
			);
		};
/* End PBXProject section */

/* Begin PBXSourcesBuildPhase section */
		165E1F3C53B921142FCEC5E4 /* Sources */ = {
			isa = PBXSourcesBuildPhase;
			buildActionMask = 2147483647;
			files = (
				2FFE3456ABB3EA0AA3CD0B10 /* App.swift in Sources */,
			);
			runOnlyForDeploymentPostprocessing = 0;
		};
		5059BBC072EB594832A04131 /* Sources */ = {
			isa = PBXSourcesBuildPhase;
			buildActionMask = 2147483647;
			files = (
				EFA16514C78795675CEFD9D9 /* App.swift in Sources */,
			);
			runOnlyForDeploymentPostprocessing = 0;
		};
/* End PBXSourcesBuildPhase section */

/* Begin XCBuildConfiguration section */
		45679954B0DC181E68438740 /* Release */ = {
			isa = XCBuildConfiguration;
			buildSettings = {
				ALWAYS_SEARCH_USER_PATHS = NO;
				CLANG_ANALYZER_NONNULL = YES;
				CLANG_ANALYZER_NUMBER_OBJECT_CONVERSION = YES_AGGRESSIVE;
				CLANG_CXX_LANGUAGE_STANDARD = "gnu++14";
				CLANG_CXX_LIBRARY = "libc++";
				CLANG_ENABLE_MODULES = YES;
				CLANG_ENABLE_OBJC_ARC = YES;
				CLANG_ENABLE_OBJC_WEAK = YES;
				CLANG_WARN_BLOCK_CAPTURE_AUTORELEASING = YES;
				CLANG_WARN_BOOL_CONVERSION = YES;
				CLANG_WARN_COMMA = YES;
				CLANG_WARN_CONSTANT_CONVERSION = YES;
				CLANG_WARN_DEPRECATED_OBJC_IMPLEMENTATIONS = YES;
				CLANG_WARN_DIRECT_OBJC_ISA_USAGE = YES_ERROR;
				CLANG_WARN_DOCUMENTATION_COMMENTS = YES;
				CLANG_WARN_EMPTY_BODY = YES;
				CLANG_WARN_ENUM_CONVERSION = YES;
				CLANG_WARN_INFINITE_RECURSION = YES;
				CLANG_WARN_INT_CONVERSION = YES;
				CLANG_WARN_NON_LITERAL_NULL_CONVERSION = YES;
				CLANG_WARN_OBJC_IMPLICIT_RETAIN_SELF = YES;
				CLANG_WARN_OBJC_LITERAL_CONVERSION = YES;
				CLANG_WARN_OBJC_ROOT_CLASS = YES_ERROR;
				CLANG_WARN_QUOTED_INCLUDE_IN_FRAMEWORK_HEADER = YES;
				CLANG_WARN_RANGE_LOOP_ANALYSIS = YES;
				CLANG_WARN_STRICT_PROTOTYPES = YES;
				CLANG_WARN_SUSPICIOUS_MOVE = YES;
				CLANG_WARN_UNGUARDED_AVAILABILITY = YES_AGGRESSIVE;
				CLANG_WARN_UNREACHABLE_CODE = YES;
				CLANG_WARN__DUPLICATE_METHOD_MATCH = YES;
				COPY_PHASE_STRIP = NO;
				DEBUG_INFORMATION_FORMAT = "dwarf-with-dsym";
				ENABLE_NS_ASSERTIONS = NO;
				ENABLE_STRICT_OBJC_MSGSEND = YES;
				GCC_C_LANGUAGE_STANDARD = gnu11;
				GCC_NO_COMMON_BLOCKS = YES;
				GCC_WARN_64_TO_32_BIT_CONVERSION = YES;
				GCC_WARN_ABOUT_RETURN_TYPE = YES_ERROR;
				GCC_WARN_UNDECLARED_SELECTOR = YES;
				GCC_WARN_UNINITIALIZED_AUTOS = YES_AGGRESSIVE;
				GCC_WARN_UNUSED_FUNCTION = YES;
				GCC_WARN_UNUSED_VARIABLE = YES;
				IPHONEOS_DEPLOYMENT_TARGET = 18.0;
				MTL_ENABLE_DEBUG_INFO = NO;
				MTL_FAST_MATH = YES;
				PRODUCT_NAME = "$(TARGET_NAME)";
				SDKROOT = iphoneos;
				SWIFT_COMPILATION_MODE = wholemodule;
				SWIFT_OPTIMIZATION_LEVEL = "-O";
				SWIFT_VERSION = 5.0;
			};
			name = Release;
		};
		5895EFE8F029E59740EDB578 /* Debug */ = {
			isa = XCBuildConfiguration;
			buildSettings = {
				ALWAYS_SEARCH_USER_PATHS = NO;
				CLANG_ANALYZER_NONNULL = YES;
				CLANG_ANALYZER_NUMBER_OBJECT_CONVERSION = YES_AGGRESSIVE;
				CLANG_CXX_LANGUAGE_STANDARD = "gnu++14";
				CLANG_CXX_LIBRARY = "libc++";
				CLANG_ENABLE_MODULES = YES;
				CLANG_ENABLE_OBJC_ARC = YES;
				CLANG_ENABLE_OBJC_WEAK = YES;
				CLANG_WARN_BLOCK_CAPTURE_AUTORELEASING = YES;
				CLANG_WARN_BOOL_CONVERSION = YES;
				CLANG_WARN_COMMA = YES;
				CLANG_WARN_CONSTANT_CONVERSION = YES;
				CLANG_WARN_DEPRECATED_OBJC_IMPLEMENTATIONS = YES;
				CLANG_WARN_DIRECT_OBJC_ISA_USAGE = YES_ERROR;
				CLANG_WARN_DOCUMENTATION_COMMENTS = YES;
				CLANG_WARN_EMPTY_BODY = YES;
				CLANG_WARN_ENUM_CONVERSION = YES;
				CLANG_WARN_INFINITE_RECURSION = YES;
				CLANG_WARN_INT_CONVERSION = YES;
				CLANG_WARN_NON_LITERAL_NULL_CONVERSION = YES;
				CLANG_WARN_OBJC_IMPLICIT_RETAIN_SELF = YES;
				CLANG_WARN_OBJC_LITERAL_CONVERSION = YES;
				CLANG_WARN_OBJC_ROOT_CLASS = YES_ERROR;
				CLANG_WARN_QUOTED_INCLUDE_IN_FRAMEWORK_HEADER = YES;
				CLANG_WARN_RANGE_LOOP_ANALYSIS = YES;
				CLANG_WARN_STRICT_PROTOTYPES = YES;
				CLANG_WARN_SUSPICIOUS_MOVE = YES;
				CLANG_WARN_UNGUARDED_AVAILABILITY = YES_AGGRESSIVE;
				CLANG_WARN_UNREACHABLE_CODE = YES;
				CLANG_WARN__DUPLICATE_METHOD_MATCH = YES;
				COPY_PHASE_STRIP = NO;
				DEBUG_INFORMATION_FORMAT = dwarf;
				ENABLE_STRICT_OBJC_MSGSEND = YES;
				ENABLE_TESTABILITY = YES;
				GCC_C_LANGUAGE_STANDARD = gnu11;
				GCC_DYNAMIC_NO_PIC = NO;
				GCC_NO_COMMON_BLOCKS = YES;
				GCC_OPTIMIZATION_LEVEL = 0;
				GCC_PREPROCESSOR_DEFINITIONS = (
					"$(inherited)",
					"DEBUG=1",
				);
				GCC_WARN_64_TO_32_BIT_CONVERSION = YES;
				GCC_WARN_ABOUT_RETURN_TYPE = YES_ERROR;
				GCC_WARN_UNDECLARED_SELECTOR = YES;
				GCC_WARN_UNINITIALIZED_AUTOS = YES_AGGRESSIVE;
				GCC_WARN_UNUSED_FUNCTION = YES;
				GCC_WARN_UNUSED_VARIABLE = YES;
				IPHONEOS_DEPLOYMENT_TARGET = 18.0;
				MTL_ENABLE_DEBUG_INFO = INCLUDE_SOURCE;
				MTL_FAST_MATH = YES;
				ONLY_ACTIVE_ARCH = YES;
				PRODUCT_NAME = "$(TARGET_NAME)";
				SDKROOT = iphoneos;
				SWIFT_ACTIVE_COMPILATION_CONDITIONS = DEBUG;
				SWIFT_OPTIMIZATION_LEVEL = "-Onone";
				SWIFT_VERSION = 5.0;
			};
			name = Debug;
		};
		C26FAE600977D0D9292286FE /* Debug */ = {
			isa = XCBuildConfiguration;
			buildSettings = {
				ASSETCATALOG_COMPILER_APPICON_NAME = AppIcon;
				CODE_SIGN_IDENTITY = "iPhone Developer";
				DEVELOPMENT_TEAM = BUF892U9LY;
				INFOPLIST_KEY_CFBundleDisplayName = "Банк — Сотрудник";
				LD_RUNPATH_SEARCH_PATHS = (
					"$(inherited)",
					"@executable_path/Frameworks",
				);
				PRODUCT_BUNDLE_IDENTIFIER = tarchenko.BankEmployee;
				SDKROOT = iphoneos;
				SWIFT_VERSION = 5.0;
				TARGETED_DEVICE_FAMILY = "1,2";
			};
			name = Debug;
		};
		D85DC01AB062168A3352C329 /* Debug */ = {
			isa = XCBuildConfiguration;
			buildSettings = {
				ASSETCATALOG_COMPILER_APPICON_NAME = AppIcon;
				CODE_SIGN_IDENTITY = "iPhone Developer";
				DEVELOPMENT_TEAM = BUF892U9LY;
				INFOPLIST_KEY_CFBundleDisplayName = "Банк — Клиент";
				LD_RUNPATH_SEARCH_PATHS = (
					"$(inherited)",
					"@executable_path/Frameworks",
				);
				PRODUCT_BUNDLE_IDENTIFIER = tarchenko.BankClient;
				SDKROOT = iphoneos;
				SWIFT_VERSION = 5.0;
				TARGETED_DEVICE_FAMILY = "1,2";
			};
			name = Debug;
		};
		EDE97C1CC5DD16CA67351EF2 /* Release */ = {
			isa = XCBuildConfiguration;
			buildSettings = {
				ASSETCATALOG_COMPILER_APPICON_NAME = AppIcon;
				CODE_SIGN_IDENTITY = "iPhone Developer";
				DEVELOPMENT_TEAM = BUF892U9LY;
				INFOPLIST_KEY_CFBundleDisplayName = "Банк — Клиент";
				LD_RUNPATH_SEARCH_PATHS = (
					"$(inherited)",
					"@executable_path/Frameworks",
				);
				PRODUCT_BUNDLE_IDENTIFIER = tarchenko.BankClient;
				SDKROOT = iphoneos;
				SWIFT_VERSION = 5.0;
				TARGETED_DEVICE_FAMILY = "1,2";
			};
			name = Release;
		};
		FB52EE9600F4CA324B76B681 /* Release */ = {
			isa = XCBuildConfiguration;
			buildSettings = {
				ASSETCATALOG_COMPILER_APPICON_NAME = AppIcon;
				CODE_SIGN_IDENTITY = "iPhone Developer";
				DEVELOPMENT_TEAM = BUF892U9LY;
				INFOPLIST_KEY_CFBundleDisplayName = "Банк — Сотрудник";
				LD_RUNPATH_SEARCH_PATHS = (
					"$(inherited)",
					"@executable_path/Frameworks",
				);
				PRODUCT_BUNDLE_IDENTIFIER = tarchenko.BankEmployee;
				SDKROOT = iphoneos;
				SWIFT_VERSION = 5.0;
				TARGETED_DEVICE_FAMILY = "1,2";
			};
			name = Release;
		};
/* End XCBuildConfiguration section */

/* Begin XCConfigurationList section */
		077235FC8361AB370068F57F /* Build configuration list for PBXNativeTarget "BankClient" */ = {
			isa = XCConfigurationList;
			buildConfigurations = (
				D85DC01AB062168A3352C329 /* Debug */,
				EDE97C1CC5DD16CA67351EF2 /* Release */,
			);
			defaultConfigurationIsVisible = 0;
			defaultConfigurationName = Debug;
		};
		DB2267A57CD17C03BA9528CC /* Build configuration list for PBXNativeTarget "BankEmployee" */ = {
			isa = XCConfigurationList;
			buildConfigurations = (
				C26FAE600977D0D9292286FE /* Debug */,
				FB52EE9600F4CA324B76B681 /* Release */,
			);
			defaultConfigurationIsVisible = 0;
			defaultConfigurationName = Debug;
		};
		FD0F233E49D52A45722AAD5D /* Build configuration list for PBXProject "InternetBanking" */ = {
			isa = XCConfigurationList;
			buildConfigurations = (
				5895EFE8F029E59740EDB578 /* Debug */,
				45679954B0DC181E68438740 /* Release */,
			);
			defaultConfigurationIsVisible = 0;
			defaultConfigurationName = Debug;
		};
/* End XCConfigurationList section */
	};
	rootObject = B355245B6BC467FF647BD444 /* Project object */;
}
